{
  "requires": true,
  "lockfileVersion": 1,
  "dependencies": {
    "leaflet-wfst": {
      "version": "2.0.1-beta.21",
      "resolved": "https://registry.npmjs.org/leaflet-wfst/-/leaflet-wfst-2.0.1-beta.21.tgz",
      "integrity": "sha512-OOLN+gHvIkLU8vojg1kyRGBwYlSLa52OJI6zoBGl98+4HuplciQUZZznazWPsvoBfopKT3M6/YDB6BTpiyUHnw=="
    }
  }
}
